{
  "name": "shopify",
  "lockfileVersion": 3,
  "requires": true,
  "packages": {
    "": {
      "dependencies": {
        "notifications": "^0.2.0"
      }
    },
    "node_modules/notifications": {
      "version": "0.2.0",
      "resolved": "https://registry.npmjs.org/notifications/-/notifications-0.2.0.tgz",
      "integrity": "sha512-UCvSuU6k0rE3ScEfEnabFxMY3nikQrN66gA5v6kSx+h2U9dHOD0w9DNsWRYDq+dMZnmATUT0+CwwpdumWPT7nA==",
      "engines": {
        "node": ">= 0.4.0"
      }
    }
  }
}
